
Microsoft Visual Studio Solution File, Format Version 12.00
# Visual Studio Version 16
VisualStudioVersion = 16.0.30611.23
MinimumVisualStudioVersion = 10.0.40219.1
Project("{9A19103F-16F7-4668-BE54-9A1E7A4F7556}") = "MechanicWebAppAPI", "Backend\MechanicWebAppAPI\MechanicWebAppAPI.csproj", "{64281E39-0861-4650-A1D6-6637BEC77781}"
EndProject
Project("{9A19103F-16F7-4668-BE54-9A1E7A4F7556}") = "Core.Tests", "Backend\Core.Tests\Core.Tests.csproj", "{A22B20AD-B81E-47B8-A46B-2CB0F0B4484F}"
EndProject
Global
	GlobalSection(SolutionConfigurationPlatforms) = preSolution
		Debug|Any CPU = Debug|Any CPU
		Release|Any CPU = Release|Any CPU
	EndGlobalSection
	GlobalSection(ProjectConfigurationPlatforms) = postSolution
		{64281E39-0861-4650-A1D6-6637BEC77781}.Debug|Any CPU.ActiveCfg = Debug|Any CPU
		{64281E39-0861-4650-A1D6-6637BEC77781}.Debug|Any CPU.Build.0 = Debug|Any CPU
		{64281E39-0861-4650-A1D6-6637BEC77781}.Release|Any CPU.ActiveCfg = Release|Any CPU
		{64281E39-0861-4650-A1D6-6637BEC77781}.Release|Any CPU.Build.0 = Release|Any CPU
		{A22B20AD-B81E-47B8-A46B-2CB0F0B4484F}.Debug|Any CPU.ActiveCfg = Debug|Any CPU
		{A22B20AD-B81E-47B8-A46B-2CB0F0B4484F}.Debug|Any CPU.Build.0 = Debug|Any CPU
		{A22B20AD-B81E-47B8-A46B-2CB0F0B4484F}.Release|Any CPU.ActiveCfg = Release|Any CPU
		{A22B20AD-B81E-47B8-A46B-2CB0F0B4484F}.Release|Any CPU.Build.0 = Release|Any CPU
	EndGlobalSection
	GlobalSection(SolutionProperties) = preSolution
		HideSolutionNode = FALSE
	EndGlobalSection
	GlobalSection(ExtensibilityGlobals) = postSolution
		SolutionGuid = {9F25C766-9FF1-496F-A766-FFBE75D48286}
	EndGlobalSection
EndGlobal
